
Microsoft Visual Studio Solution File, Format Version 12.00
# Visual Studio Version 17
VisualStudioVersion = 17.2.32630.192
MinimumVisualStudioVersion = 10.0.40219.1
Project("{8BC9CEB8-8B4A-11D0-8D11-00A0C91BC942}") = "ValorEngine", "ValorEngine.vcxproj", "{9FEE605D-900C-4D9B-A87D-D5ED6532DA80}"
EndProject
Global
	GlobalSection(SolutionConfigurationPlatforms) = preSolution
		Debug|x64 = Debug|x64
		Debug|x86 = Debug|x86
		Release|x64 = Release|x64
		Release|x86 = Release|x86
	EndGlobalSection
	GlobalSection(ProjectConfigurationPlatforms) = postSolution
		{9FEE605D-900C-4D9B-A87D-D5ED6532DA80}.Debug|x64.ActiveCfg = Debug|x64
		{9FEE605D-900C-4D9B-A87D-D5ED6532DA80}.Debug|x64.Build.0 = Debug|x64
		{9FEE605D-900C-4D9B-A87D-D5ED6532DA80}.Debug|x86.ActiveCfg = Debug|Win32
		{9FEE605D-900C-4D9B-A87D-D5ED6532DA80}.Debug|x86.Build.0 = Debug|Win32
		{9FEE605D-900C-4D9B-A87D-D5ED6532DA80}.Release|x64.ActiveCfg = Release|x64
		{9FEE605D-900C-4D9B-A87D-D5ED6532DA80}.Release|x64.Build.0 = Release|x64
		{9FEE605D-900C-4D9B-A87D-D5ED6532DA80}.Release|x86.ActiveCfg = Release|Win32
		{9FEE605D-900C-4D9B-A87D-D5ED6532DA80}.Release|x86.Build.0 = Release|Win32
	EndGlobalSection
	GlobalSection(SolutionProperties) = preSolution
		HideSolutionNode = FALSE
	EndGlobalSection
	GlobalSection(ExtensibilityGlobals) = postSolution
		SolutionGuid = {34FBE30A-A593-4BA4-9A29-E842EB16CE82}
	EndGlobalSection
EndGlobal
